# This file was autogenerated by Stack.
# You should not edit this file by hand.
# For more information, please see the documentation at:
#   https://docs.haskellstack.org/en/stable/lock_files

packages: []
snapshots:
- completed:
    sha256: da53a13f9bc564a93de5b9b39453514c4e386de0dadf648bfe376b04c486c891
    size: 554666
    url: https://raw.githubusercontent.com/commercialhaskell/stackage-snapshots/master/nightly/2022/4/24.yaml
  original: nightly-2022-04-24
